
Microsoft Visual Studio Solution File, Format Version 12.00
# Visual Studio Version 17
VisualStudioVersion = 17.12.35209.166
MinimumVisualStudioVersion = 10.0.40219.1
Project("{FAE04EC0-301F-11D3-BF4B-00C04F79EFBC}") = "GigKompassen", "GigKompassen\GigKompassen.csproj", "{AD3C2F15-17D0-4227-A567-7B583134F66F}"
EndProject
Project("{FAE04EC0-301F-11D3-BF4B-00C04F79EFBC}") = "GigKompassen.Test", "GigKompassen.Test\GigKompassen.Test.csproj", "{914C7DA6-B36E-4D66-81A7-49840915F573}"
EndProject
Project("{FAE04EC0-301F-11D3-BF4B-00C04F79EFBC}") = "GigKompassen.Blazor", "GigKompassen.Blazor\GigKompassen.Blazor\GigKompassen.Blazor.csproj", "{F48478BE-6925-4DD3-8D29-8BEE1E5DAFF9}"
EndProject
Project("{FAE04EC0-301F-11D3-BF4B-00C04F79EFBC}") = "GigKompassen.Blazor.Client", "GigKompassen.Blazor\GigKompassen.Blazor.Client\GigKompassen.Blazor.Client.csproj", "{3A77C8C2-557C-4A02-A42C-39DE06BA64FB}"
EndProject
Project("{FAE04EC0-301F-11D3-BF4B-00C04F79EFBC}") = "GigKompassen.ZMinimal", "GigKompassen.ZMinimal\GigKompassen.ZMinimal.csproj", "{2A8BD261-4A6F-467C-9F67-3336EB748301}"
EndProject
Global
	GlobalSection(SolutionConfigurationPlatforms) = preSolution
		Debug|Any CPU = Debug|Any CPU
		Release|Any CPU = Release|Any CPU
	EndGlobalSection
	GlobalSection(ProjectConfigurationPlatforms) = postSolution
		{AD3C2F15-17D0-4227-A567-7B583134F66F}.Debug|Any CPU.ActiveCfg = Debug|Any CPU
		{AD3C2F15-17D0-4227-A567-7B583134F66F}.Debug|Any CPU.Build.0 = Debug|Any CPU
		{AD3C2F15-17D0-4227-A567-7B583134F66F}.Release|Any CPU.ActiveCfg = Release|Any CPU
		{AD3C2F15-17D0-4227-A567-7B583134F66F}.Release|Any CPU.Build.0 = Release|Any CPU
		{914C7DA6-B36E-4D66-81A7-49840915F573}.Debug|Any CPU.ActiveCfg = Debug|Any CPU
		{914C7DA6-B36E-4D66-81A7-49840915F573}.Debug|Any CPU.Build.0 = Debug|Any CPU
		{914C7DA6-B36E-4D66-81A7-49840915F573}.Release|Any CPU.ActiveCfg = Release|Any CPU
		{914C7DA6-B36E-4D66-81A7-49840915F573}.Release|Any CPU.Build.0 = Release|Any CPU
		{F48478BE-6925-4DD3-8D29-8BEE1E5DAFF9}.Debug|Any CPU.ActiveCfg = Debug|Any CPU
		{F48478BE-6925-4DD3-8D29-8BEE1E5DAFF9}.Debug|Any CPU.Build.0 = Debug|Any CPU
		{F48478BE-6925-4DD3-8D29-8BEE1E5DAFF9}.Release|Any CPU.ActiveCfg = Release|Any CPU
		{F48478BE-6925-4DD3-8D29-8BEE1E5DAFF9}.Release|Any CPU.Build.0 = Release|Any CPU
		{3A77C8C2-557C-4A02-A42C-39DE06BA64FB}.Debug|Any CPU.ActiveCfg = Debug|Any CPU
		{3A77C8C2-557C-4A02-A42C-39DE06BA64FB}.Debug|Any CPU.Build.0 = Debug|Any CPU
		{3A77C8C2-557C-4A02-A42C-39DE06BA64FB}.Release|Any CPU.ActiveCfg = Release|Any CPU
		{3A77C8C2-557C-4A02-A42C-39DE06BA64FB}.Release|Any CPU.Build.0 = Release|Any CPU
		{2A8BD261-4A6F-467C-9F67-3336EB748301}.Debug|Any CPU.ActiveCfg = Debug|Any CPU
		{2A8BD261-4A6F-467C-9F67-3336EB748301}.Debug|Any CPU.Build.0 = Debug|Any CPU
		{2A8BD261-4A6F-467C-9F67-3336EB748301}.Release|Any CPU.ActiveCfg = Release|Any CPU
		{2A8BD261-4A6F-467C-9F67-3336EB748301}.Release|Any CPU.Build.0 = Release|Any CPU
	EndGlobalSection
	GlobalSection(SolutionProperties) = preSolution
		HideSolutionNode = FALSE
	EndGlobalSection
	GlobalSection(ExtensibilityGlobals) = postSolution
		SolutionGuid = {1A1DC6AC-6A6B-4FCD-A8F9-06F05772519F}
	EndGlobalSection
EndGlobal
